
Microsoft Visual Studio Solution File, Format Version 12.00
# Visual Studio 15
VisualStudioVersion = 15.0.28307.271
MinimumVisualStudioVersion = 10.0.40219.1
Project("{FAE04EC0-301F-11D3-BF4B-00C04F79EFBC}") = "PeopleInfoStorage", "PeopleInfoStorage\PeopleInfoStorage.csproj", "{91BF24BF-FF7A-4BE9-B7BE-8F6D2C59BC03}"
EndProject
Project("{FAE04EC0-301F-11D3-BF4B-00C04F79EFBC}") = "TaskManager", "TaskManager\TaskManager.csproj", "{27AD8376-45BA-441F-B10A-1F1248B2BDBD}"
EndProject
Project("{FAE04EC0-301F-11D3-BF4B-00C04F79EFBC}") = "AgeZodiacCalculator", "AgeZodiacCalculator\AgeZodiacCalculator.csproj", "{CD1F6270-09D2-454E-B2EC-BEDF8888FE06}"
EndProject
Project("{FAE04EC0-301F-11D3-BF4B-00C04F79EFBC}") = "Shared", "Shared\Shared.csproj", "{FF56B84C-F98D-4320-A465-95E5FC130C70}"
EndProject
Global
	GlobalSection(SolutionConfigurationPlatforms) = preSolution
		Debug|Any CPU = Debug|Any CPU
		Release|Any CPU = Release|Any CPU
	EndGlobalSection
	GlobalSection(ProjectConfigurationPlatforms) = postSolution
		{91BF24BF-FF7A-4BE9-B7BE-8F6D2C59BC03}.Debug|Any CPU.ActiveCfg = Debug|Any CPU
		{91BF24BF-FF7A-4BE9-B7BE-8F6D2C59BC03}.Debug|Any CPU.Build.0 = Debug|Any CPU
		{91BF24BF-FF7A-4BE9-B7BE-8F6D2C59BC03}.Release|Any CPU.ActiveCfg = Release|Any CPU
		{91BF24BF-FF7A-4BE9-B7BE-8F6D2C59BC03}.Release|Any CPU.Build.0 = Release|Any CPU
		{27AD8376-45BA-441F-B10A-1F1248B2BDBD}.Debug|Any CPU.ActiveCfg = Debug|Any CPU
		{27AD8376-45BA-441F-B10A-1F1248B2BDBD}.Debug|Any CPU.Build.0 = Debug|Any CPU
		{27AD8376-45BA-441F-B10A-1F1248B2BDBD}.Release|Any CPU.ActiveCfg = Release|Any CPU
		{27AD8376-45BA-441F-B10A-1F1248B2BDBD}.Release|Any CPU.Build.0 = Release|Any CPU
		{CD1F6270-09D2-454E-B2EC-BEDF8888FE06}.Debug|Any CPU.ActiveCfg = Debug|Any CPU
		{CD1F6270-09D2-454E-B2EC-BEDF8888FE06}.Debug|Any CPU.Build.0 = Debug|Any CPU
		{CD1F6270-09D2-454E-B2EC-BEDF8888FE06}.Release|Any CPU.ActiveCfg = Release|Any CPU
		{CD1F6270-09D2-454E-B2EC-BEDF8888FE06}.Release|Any CPU.Build.0 = Release|Any CPU
		{FF56B84C-F98D-4320-A465-95E5FC130C70}.Debug|Any CPU.ActiveCfg = Debug|Any CPU
		{FF56B84C-F98D-4320-A465-95E5FC130C70}.Debug|Any CPU.Build.0 = Debug|Any CPU
		{FF56B84C-F98D-4320-A465-95E5FC130C70}.Release|Any CPU.ActiveCfg = Release|Any CPU
		{FF56B84C-F98D-4320-A465-95E5FC130C70}.Release|Any CPU.Build.0 = Release|Any CPU
	EndGlobalSection
	GlobalSection(SolutionProperties) = preSolution
		HideSolutionNode = FALSE
	EndGlobalSection
	GlobalSection(ExtensibilityGlobals) = postSolution
		SolutionGuid = {05BA0FFD-7FDB-4035-8F02-2B84C65AF739}
	EndGlobalSection
EndGlobal
